
Microsoft Visual Studio Solution File, Format Version 12.00
# Visual Studio Version 17
VisualStudioVersion = 17.14.36429.23 d17.14
MinimumVisualStudioVersion = 10.0.40219.1
Project("{FAE04EC0-301F-11D3-BF4B-00C04F79EFBC}") = "EReader", "EReader\EReader.csproj", "{7829CD90-FF2D-42B7-A8FF-AB935046DD3C}"
EndProject
Global
	GlobalSection(SolutionConfigurationPlatforms) = preSolution
		Debug|Any CPU = Debug|Any CPU
		Release|Any CPU = Release|Any CPU
	EndGlobalSection
	GlobalSection(ProjectConfigurationPlatforms) = postSolution
		{7829CD90-FF2D-42B7-A8FF-AB935046DD3C}.Debug|Any CPU.ActiveCfg = Debug|Any CPU
		{7829CD90-FF2D-42B7-A8FF-AB935046DD3C}.Debug|Any CPU.Build.0 = Debug|Any CPU
		{7829CD90-FF2D-42B7-A8FF-AB935046DD3C}.Release|Any CPU.ActiveCfg = Release|Any CPU
		{7829CD90-FF2D-42B7-A8FF-AB935046DD3C}.Release|Any CPU.Build.0 = Release|Any CPU
	EndGlobalSection
	GlobalSection(SolutionProperties) = preSolution
		HideSolutionNode = FALSE
	EndGlobalSection
	GlobalSection(ExtensibilityGlobals) = postSolution
		SolutionGuid = {D4FD6765-A6B0-4A5B-A099-D4AB43B8190A}
	EndGlobalSection
EndGlobal
